<?xml version="1.0" encoding="utf-8"?>
<Project ToolsVersion="4.0" xmlns="http://schemas.microsoft.com/developer/msbuild/2003">
  <ItemGroup>
    <Filter Include="Source Files">
      <UniqueIdentifier>{4FC737F1-C7A5-4376-A066-2A32D752A2FF}</UniqueIdentifier>
      <Extensions>cpp;c;cc;cxx;def;odl;idl;hpj;bat;asm;asmx</Extensions>
    </Filter>
    <Filter Include="Header Files">
      <UniqueIdentifier>{93995380-89BD-4b04-88EB-625FBE52EBFB}</UniqueIdentifier>
      <Extensions>h;hh;hpp;hxx;hm;inl;inc;ipp;xsd</Extensions>
    </Filter>
    <Filter Include="Resource Files">
      <UniqueIdentifier>{67DA6AB6-F800-4c08-8B7A-83BB121AAD01}</UniqueIdentifier>
      <Extensions>rc;ico;cur;bmp;dlg;rc2;rct;bin;rgs;gif;jpg;jpeg;jpe;resx;tiff;tif;png;wav;mfcribbon-ms</Extensions>
    </Filter>
    <Filter Include="Header Files\Classes">
      <UniqueIdentifier>{ffe37af7-d8de-4d38-b9d4-93da38a999b8}</UniqueIdentifier>
    </Filter>
    <Filter Include="Header Files\Methods">
      <UniqueIdentifier>{d68ba5ba-3395-4d4f-9547-be023888a14e}</UniqueIdentifier>
    </Filter>
    <Filter Include="Header Files\other">
      <UniqueIdentifier>{3725ee15-7e4a-4034-bae6-71f97ea2ea82}</UniqueIdentifier>
    </Filter>
    <Filter Include="Source Files\other">
      <UniqueIdentifier>{1cd402b7-cc5f-4a4c-a3d1-6ccf0b6bca42}</UniqueIdentifier>
    </Filter>
  </ItemGroup>
  <ItemGroup>
    <ClInclude Include="Vector.hpp">
      <Filter>Header Files\Classes</Filter>
    </ClInclude>
    <ClInclude Include="Matrix.hpp">
      <Filter>Header Files\Classes</Filter>
    </ClInclude>
    <ClInclude Include="IterativeMethods.hpp">
      <Filter>Header Files\Methods</Filter>
    </ClInclude>
    <ClInclude Include="SpectralMethods.hpp">
      <Filter>Header Files\Methods</Filter>
    </ClInclude>
    <ClInclude Include="DirectMethods.hpp">
      <Filter>Header Files\Methods</Filter>
    </ClInclude>
    <ClInclude Include="pch.h">
      <Filter>Header Files\other</Filter>
    </ClInclude>
  </ItemGroup>
  <ItemGroup>
    <ClCompile Include="tests.cpp">
      <Filter>Source Files</Filter>
    </ClCompile>
    <ClCompile Include="pch.cpp">
      <Filter>Source Files\other</Filter>
    </ClCompile>
  </ItemGroup>
  <ItemGroup>
    <Text Include="vector.txt">
      <Filter>Resource Files</Filter>
    </Text>
    <Text Include="matrix.txt">
      <Filter>Resource Files</Filter>
    </Text>
    <Text Include="other.txt">
      <Filter>Resource Files</Filter>
    </Text>
    <Text Include="out.txt">
      <Filter>Resource Files</Filter>
    </Text>
  </ItemGroup>
</Project>